
Microsoft Visual Studio Solution File, Format Version 12.00
# Visual Studio Version 16
VisualStudioVersion = 16.0.30104.148
MinimumVisualStudioVersion = 10.0.40219.1
Project("{FAE04EC0-301F-11D3-BF4B-00C04F79EFBC}") = "FarmaciaBlazorWebAssam", "FarmaciaBlazorWebAssam\FarmaciaBlazorWebAssam.csproj", "{A5556875-3E5A-4CE6-80AA-BB923F81BB2C}"
EndProject
Global
	GlobalSection(SolutionConfigurationPlatforms) = preSolution
		Debug|Any CPU = Debug|Any CPU
		Release|Any CPU = Release|Any CPU
	EndGlobalSection
	GlobalSection(ProjectConfigurationPlatforms) = postSolution
		{A5556875-3E5A-4CE6-80AA-BB923F81BB2C}.Debug|Any CPU.ActiveCfg = Debug|Any CPU
		{A5556875-3E5A-4CE6-80AA-BB923F81BB2C}.Debug|Any CPU.Build.0 = Debug|Any CPU
		{A5556875-3E5A-4CE6-80AA-BB923F81BB2C}.Release|Any CPU.ActiveCfg = Release|Any CPU
		{A5556875-3E5A-4CE6-80AA-BB923F81BB2C}.Release|Any CPU.Build.0 = Release|Any CPU
	EndGlobalSection
	GlobalSection(SolutionProperties) = preSolution
		HideSolutionNode = FALSE
	EndGlobalSection
	GlobalSection(ExtensibilityGlobals) = postSolution
		SolutionGuid = {70AAA7BF-BF27-4A17-A376-27DCFB7F109E}
	EndGlobalSection
EndGlobal
